
Microsoft Visual Studio Solution File, Format Version 12.00
# Visual Studio 15
VisualStudioVersion = 15.0.27703.2042
MinimumVisualStudioVersion = 10.0.40219.1
Project("{9A19103F-16F7-4668-BE54-9A1E7A4F7556}") = "Dig", "Dig\Dig.csproj", "{BF05AF9B-0FCE-4F44-994F-59B058E614D5}"
EndProject
Global
	GlobalSection(SolutionConfigurationPlatforms) = preSolution
		Debug|Any CPU = Debug|Any CPU
	EndGlobalSection
	GlobalSection(ProjectConfigurationPlatforms) = postSolution
		{BF05AF9B-0FCE-4F44-994F-59B058E614D5}.Debug|Any CPU.ActiveCfg = Debug|Any CPU
		{BF05AF9B-0FCE-4F44-994F-59B058E614D5}.Debug|Any CPU.Build.0 = Debug|Any CPU
	EndGlobalSection
	GlobalSection(SolutionProperties) = preSolution
		HideSolutionNode = FALSE
	EndGlobalSection
	GlobalSection(ExtensibilityGlobals) = postSolution
		SolutionGuid = {7569D923-2773-4A3A-A64F-13EE0631D37F}
	EndGlobalSection
EndGlobal
